// !$*UTF8*$!
{
	archiveVersion = 1;
	classes = {
	};
	objectVersion = 56;
	objects = {

/* Begin PBXBuildFile section */
		2B0AC8E32CB491D30047022D /* SpartanFitApp.swift in Sources */ = {isa = PBXBuildFile; fileRef = 2B0AC8E22CB491D30047022D /* SpartanFitApp.swift */; };
		2B0AC8E52CB491D30047022D /* LoginView.swift in Sources */ = {isa = PBXBuildFile; fileRef = 2B0AC8E42CB491D30047022D /* LoginView.swift */; };
		2B0AC8E72CB491D60047022D /* Assets.xcassets in Resources */ = {isa = PBXBuildFile; fileRef = 2B0AC8E62CB491D60047022D /* Assets.xcassets */; };
		2B0AC8EA2CB491D60047022D /* Preview Assets.xcassets in Resources */ = {isa = PBXBuildFile; fileRef = 2B0AC8E92CB491D60047022D /* Preview Assets.xcassets */; };
		2B0AC8F42CB491D60047022D /* SpartanFitTests.swift in Sources */ = {isa = PBXBuildFile; fileRef = 2B0AC8F32CB491D60047022D /* SpartanFitTests.swift */; };
		2B0AC8FE2CB491D60047022D /* SpartanFitUITests.swift in Sources */ = {isa = PBXBuildFile; fileRef = 2B0AC8FD2CB491D60047022D /* SpartanFitUITests.swift */; };
		2B0AC9002CB491D60047022D /* SpartanFitUITestsLaunchTests.swift in Sources */ = {isa = PBXBuildFile; fileRef = 2B0AC8FF2CB491D60047022D /* SpartanFitUITestsLaunchTests.swift */; };
		2B0AC90F2CB5AC960047022D /* Exercise.swift in Sources */ = {isa = PBXBuildFile; fileRef = 2B0AC90E2CB5AC960047022D /* Exercise.swift */; };
		2B0AC9112CB86CE10047022D /* WelcomeView.swift in Sources */ = {isa = PBXBuildFile; fileRef = 2B0AC9102CB86CE00047022D /* WelcomeView.swift */; };
		2B0AC9132CB86D1E0047022D /* SignUpView.swift in Sources */ = {isa = PBXBuildFile; fileRef = 2B0AC9122CB86D1E0047022D /* SignUpView.swift */; };
		2B0AC9152CB86D310047022D /* WorkoutView.swift in Sources */ = {isa = PBXBuildFile; fileRef = 2B0AC9142CB86D310047022D /* WorkoutView.swift */; };
		2B0AC9172CB86D3D0047022D /* ProgressView.swift in Sources */ = {isa = PBXBuildFile; fileRef = 2B0AC9162CB86D3D0047022D /* ProgressView.swift */; };
/* End PBXBuildFile section */

/* Begin PBXContainerItemProxy section */
		2B0AC8F02CB491D60047022D /* PBXContainerItemProxy */ = {
			isa = PBXContainerItemProxy;
			containerPortal = 2B0AC8D72CB491D30047022D /* Project object */;
			proxyType = 1;
			remoteGlobalIDString = 2B0AC8DE2CB491D30047022D;
			remoteInfo = SpartanFit;
		};
		2B0AC8FA2CB491D60047022D /* PBXContainerItemProxy */ = {
			isa = PBXContainerItemProxy;
			containerPortal = 2B0AC8D72CB491D30047022D /* Project object */;
			proxyType = 1;
			remoteGlobalIDString = 2B0AC8DE2CB491D30047022D;
			remoteInfo = SpartanFit;
		};
/* End PBXContainerItemProxy section */

/* Begin PBXFileReference section */
		2B0AC8DF2CB491D30047022D /* SpartanFit.app */ = {isa = PBXFileReference; explicitFileType = wrapper.application; includeInIndex = 0; path = SpartanFit.app; sourceTree = BUILT_PRODUCTS_DIR; };
		2B0AC8E22CB491D30047022D /* SpartanFitApp.swift */ = {isa = PBXFileReference; lastKnownFileType = sourcecode.swift; path = SpartanFitApp.swift; sourceTree = "<group>"; };
		2B0AC8E42CB491D30047022D /* LoginView.swift */ = {isa = PBXFileReference; lastKnownFileType = sourcecode.swift; path = LoginView.swift; sourceTree = "<group>"; };
		2B0AC8E62CB491D60047022D /* Assets.xcassets */ = {isa = PBXFileReference; lastKnownFileType = folder.assetcatalog; path = Assets.xcassets; sourceTree = "<group>"; };
		2B0AC8E92CB491D60047022D /* Preview Assets.xcassets */ = {isa = PBXFileReference; lastKnownFileType = folder.assetcatalog; path = "Preview Assets.xcassets"; sourceTree = "<group>"; };
		2B0AC8EF2CB491D60047022D /* SpartanFitTests.xctest */ = {isa = PBXFileReference; explicitFileType = wrapper.cfbundle; includeInIndex = 0; path = SpartanFitTests.xctest; sourceTree = BUILT_PRODUCTS_DIR; };
		2B0AC8F32CB491D60047022D /* SpartanFitTests.swift */ = {isa = PBXFileReference; lastKnownFileType = sourcecode.swift; path = SpartanFitTests.swift; sourceTree = "<group>"; };
		2B0AC8F92CB491D60047022D /* SpartanFitUITests.xctest */ = {isa = PBXFileReference; explicitFileType = wrapper.cfbundle; includeInIndex = 0; path = SpartanFitUITests.xctest; sourceTree = BUILT_PRODUCTS_DIR; };
		2B0AC8FD2CB491D60047022D /* SpartanFitUITests.swift */ = {isa = PBXFileReference; lastKnownFileType = sourcecode.swift; path = SpartanFitUITests.swift; sourceTree = "<group>"; };
		2B0AC8FF2CB491D60047022D /* SpartanFitUITestsLaunchTests.swift */ = {isa = PBXFileReference; lastKnownFileType = sourcecode.swift; path = SpartanFitUITestsLaunchTests.swift; sourceTree = "<group>"; };
		2B0AC90E2CB5AC960047022D /* Exercise.swift */ = {isa = PBXFileReference; lastKnownFileType = sourcecode.swift; path = Exercise.swift; sourceTree = "<group>"; };
		2B0AC9102CB86CE00047022D /* WelcomeView.swift */ = {isa = PBXFileReference; lastKnownFileType = sourcecode.swift; path = WelcomeView.swift; sourceTree = "<group>"; };
		2B0AC9122CB86D1E0047022D /* SignUpView.swift */ = {isa = PBXFileReference; lastKnownFileType = sourcecode.swift; path = SignUpView.swift; sourceTree = "<group>"; };
		2B0AC9142CB86D310047022D /* WorkoutView.swift */ = {isa = PBXFileReference; lastKnownFileType = sourcecode.swift; path = WorkoutView.swift; sourceTree = "<group>"; };
		2B0AC9162CB86D3D0047022D /* ProgressView.swift */ = {isa = PBXFileReference; lastKnownFileType = sourcecode.swift; path = ProgressView.swift; sourceTree = "<group>"; };
/* End PBXFileReference section */

/* Begin PBXFrameworksBuildPhase section */
		2B0AC8DC2CB491D30047022D /* Frameworks */ = {
			isa = PBXFrameworksBuildPhase;
			buildActionMask = 2147483647;
			files = (
			);
			runOnlyForDeploymentPostprocessing = 0;
		};
		2B0AC8EC2CB491D60047022D /* Frameworks */ = {
			isa = PBXFrameworksBuildPhase;
			buildActionMask = 2147483647;
			files = (
			);
			runOnlyForDeploymentPostprocessing = 0;
		};
		2B0AC8F62CB491D60047022D /* Frameworks */ = {
			isa = PBXFrameworksBuildPhase;
			buildActionMask = 2147483647;
			files = (
			);
			runOnlyForDeploymentPostprocessing = 0;
		};
/* End PBXFrameworksBuildPhase section */

/* Begin PBXGroup section */
		2B0AC8D62CB491D30047022D = {
			isa = PBXGroup;
			children = (
				2B0AC9182CB875030047022D /* Scenes */,
				2B0AC8E12CB491D30047022D /* SpartanFit */,
				2B0AC8F22CB491D60047022D /* SpartanFitTests */,
				2B0AC8FC2CB491D60047022D /* SpartanFitUITests */,
				2B0AC8E02CB491D30047022D /* Products */,
			);
			sourceTree = "<group>";
		};
		2B0AC8E02CB491D30047022D /* Products */ = {
			isa = PBXGroup;
			children = (
				2B0AC8DF2CB491D30047022D /* SpartanFit.app */,
				2B0AC8EF2CB491D60047022D /* SpartanFitTests.xctest */,
				2B0AC8F92CB491D60047022D /* SpartanFitUITests.xctest */,
			);
			name = Products;
			sourceTree = "<group>";
		};
		2B0AC8E12CB491D30047022D /* SpartanFit */ = {
			isa = PBXGroup;
			children = (
				2B0AC8E22CB491D30047022D /* SpartanFitApp.swift */,
				2B0AC8E62CB491D60047022D /* Assets.xcassets */,
				2B0AC8E82CB491D60047022D /* Preview Content */,
				2B0AC90E2CB5AC960047022D /* Exercise.swift */,
			);
			path = SpartanFit;
			sourceTree = "<group>";
		};
		2B0AC8E82CB491D60047022D /* Preview Content */ = {
			isa = PBXGroup;
			children = (
				2B0AC8E92CB491D60047022D /* Preview Assets.xcassets */,
			);
			path = "Preview Content";
			sourceTree = "<group>";
		};
		2B0AC8F22CB491D60047022D /* SpartanFitTests */ = {
			isa = PBXGroup;
			children = (
				2B0AC8F32CB491D60047022D /* SpartanFitTests.swift */,
			);
			path = SpartanFitTests;
			sourceTree = "<group>";
		};
		2B0AC8FC2CB491D60047022D /* SpartanFitUITests */ = {
			isa = PBXGroup;
			children = (
				2B0AC8FD2CB491D60047022D /* SpartanFitUITests.swift */,
				2B0AC8FF2CB491D60047022D /* SpartanFitUITestsLaunchTests.swift */,
			);
			path = SpartanFitUITests;
			sourceTree = "<group>";
		};
		2B0AC9182CB875030047022D /* Scenes */ = {
			isa = PBXGroup;
			children = (
				2B0AC8E42CB491D30047022D /* LoginView.swift */,
				2B0AC9162CB86D3D0047022D /* ProgressView.swift */,
				2B0AC9102CB86CE00047022D /* WelcomeView.swift */,
				2B0AC9122CB86D1E0047022D /* SignUpView.swift */,
				2B0AC9142CB86D310047022D /* WorkoutView.swift */,
			);
			path = Scenes;
			sourceTree = "<group>";
		};
/* End PBXGroup section */

/* Begin PBXNativeTarget section */
		2B0AC8DE2CB491D30047022D /* SpartanFit */ = {
			isa = PBXNativeTarget;
			buildConfigurationList = 2B0AC9032CB491D60047022D /* Build configuration list for PBXNativeTarget "SpartanFit" */;
			buildPhases = (
				2B0AC8DB2CB491D30047022D /* Sources */,
				2B0AC8DC2CB491D30047022D /* Frameworks */,
				2B0AC8DD2CB491D30047022D /* Resources */,
			);
			buildRules = (
			);
			dependencies = (
			);
			name = SpartanFit;
			productName = SpartanFit;
			productReference = 2B0AC8DF2CB491D30047022D /* SpartanFit.app */;
			productType = "com.apple.product-type.application";
		};
		2B0AC8EE2CB491D60047022D /* SpartanFitTests */ = {
			isa = PBXNativeTarget;
			buildConfigurationList = 2B0AC9062CB491D60047022D /* Build configuration list for PBXNativeTarget "SpartanFitTests" */;
			buildPhases = (
				2B0AC8EB2CB491D60047022D /* Sources */,
				2B0AC8EC2CB491D60047022D /* Frameworks */,
				2B0AC8ED2CB491D60047022D /* Resources */,
			);
			buildRules = (
			);
			dependencies = (
				2B0AC8F12CB491D60047022D /* PBXTargetDependency */,
			);
			name = SpartanFitTests;
			productName = SpartanFitTests;
			productReference = 2B0AC8EF2CB491D60047022D /* SpartanFitTests.xctest */;
			productType = "com.apple.product-type.bundle.unit-test";
		};
		2B0AC8F82CB491D60047022D /* SpartanFitUITests */ = {
			isa = PBXNativeTarget;
			buildConfigurationList = 2B0AC9092CB491D60047022D /* Build configuration list for PBXNativeTarget "SpartanFitUITests" */;
			buildPhases = (
				2B0AC8F52CB491D60047022D /* Sources */,
				2B0AC8F62CB491D60047022D /* Frameworks */,
				2B0AC8F72CB491D60047022D /* Resources */,
			);
			buildRules = (
			);
			dependencies = (
				2B0AC8FB2CB491D60047022D /* PBXTargetDependency */,
			);
			name = SpartanFitUITests;
			productName = SpartanFitUITests;
			productReference = 2B0AC8F92CB491D60047022D /* SpartanFitUITests.xctest */;
			productType = "com.apple.product-type.bundle.ui-testing";
		};
/* End PBXNativeTarget section */

/* Begin PBXProject section */
		2B0AC8D72CB491D30047022D /* Project object */ = {
			isa = PBXProject;
			attributes = {
				BuildIndependentTargetsInParallel = 1;
				LastSwiftUpdateCheck = 1500;
				LastUpgradeCheck = 1500;
				TargetAttributes = {
					2B0AC8DE2CB491D30047022D = {
						CreatedOnToolsVersion = 15.0.1;
					};
					2B0AC8EE2CB491D60047022D = {
						CreatedOnToolsVersion = 15.0.1;
						TestTargetID = 2B0AC8DE2CB491D30047022D;
					};
					2B0AC8F82CB491D60047022D = {
						CreatedOnToolsVersion = 15.0.1;
						TestTargetID = 2B0AC8DE2CB491D30047022D;
					};
				};
			};
			buildConfigurationList = 2B0AC8DA2CB491D30047022D /* Build configuration list for PBXProject "SpartanFit" */;
			compatibilityVersion = "Xcode 14.0";
			developmentRegion = en;
			hasScannedForEncodings = 0;
			knownRegions = (
				en,
				Base,
			);
			mainGroup = 2B0AC8D62CB491D30047022D;
			productRefGroup = 2B0AC8E02CB491D30047022D /* Products */;
			projectDirPath = "";
			projectRoot = "";
			targets = (
				2B0AC8DE2CB491D30047022D /* SpartanFit */,
				2B0AC8EE2CB491D60047022D /* SpartanFitTests */,
				2B0AC8F82CB491D60047022D /* SpartanFitUITests */,
			);
		};
/* End PBXProject section */

/* Begin PBXResourcesBuildPhase section */
		2B0AC8DD2CB491D30047022D /* Resources */ = {
			isa = PBXResourcesBuildPhase;
			buildActionMask = 2147483647;
			files = (
				2B0AC8EA2CB491D60047022D /* Preview Assets.xcassets in Resources */,
				2B0AC8E72CB491D60047022D /* Assets.xcassets in Resources */,
			);
			runOnlyForDeploymentPostprocessing = 0;
		};
		2B0AC8ED2CB491D60047022D /* Resources */ = {
			isa = PBXResourcesBuildPhase;
			buildActionMask = 2147483647;
			files = (
			);
			runOnlyForDeploymentPostprocessing = 0;
		};
		2B0AC8F72CB491D60047022D /* Resources */ = {
			isa = PBXResourcesBuildPhase;
			buildActionMask = 2147483647;
			files = (
			);
			runOnlyForDeploymentPostprocessing = 0;
		};
/* End PBXResourcesBuildPhase section */

/* Begin PBXSourcesBuildPhase section */
		2B0AC8DB2CB491D30047022D /* Sources */ = {
			isa = PBXSourcesBuildPhase;
			buildActionMask = 2147483647;
			files = (
				2B0AC8E52CB491D30047022D /* LoginView.swift in Sources */,
				2B0AC9132CB86D1E0047022D /* SignUpView.swift in Sources */,
				2B0AC8E32CB491D30047022D /* SpartanFitApp.swift in Sources */,
				2B0AC90F2CB5AC960047022D /* Exercise.swift in Sources */,
				2B0AC9172CB86D3D0047022D /* ProgressView.swift in Sources */,
				2B0AC9152CB86D310047022D /* WorkoutView.swift in Sources */,
				2B0AC9112CB86CE10047022D /* WelcomeView.swift in Sources */,
			);
			runOnlyForDeploymentPostprocessing = 0;
		};
		2B0AC8EB2CB491D60047022D /* Sources */ = {
			isa = PBXSourcesBuildPhase;
			buildActionMask = 2147483647;
			files = (
				2B0AC8F42CB491D60047022D /* SpartanFitTests.swift in Sources */,
			);
			runOnlyForDeploymentPostprocessing = 0;
		};
		2B0AC8F52CB491D60047022D /* Sources */ = {
			isa = PBXSourcesBuildPhase;
			buildActionMask = 2147483647;
			files = (
				2B0AC9002CB491D60047022D /* SpartanFitUITestsLaunchTests.swift in Sources */,
				2B0AC8FE2CB491D60047022D /* SpartanFitUITests.swift in Sources */,
			);
			runOnlyForDeploymentPostprocessing = 0;
		};
/* End PBXSourcesBuildPhase section */

/* Begin PBXTargetDependency section */
		2B0AC8F12CB491D60047022D /* PBXTargetDependency */ = {
			isa = PBXTargetDependency;
			target = 2B0AC8DE2CB491D30047022D /* SpartanFit */;
			targetProxy = 2B0AC8F02CB491D60047022D /* PBXContainerItemProxy */;
		};
		2B0AC8FB2CB491D60047022D /* PBXTargetDependency */ = {
			isa = PBXTargetDependency;
			target = 2B0AC8DE2CB491D30047022D /* SpartanFit */;
			targetProxy = 2B0AC8FA2CB491D60047022D /* PBXContainerItemProxy */;
		};
/* End PBXTargetDependency section */

/* Begin XCBuildConfiguration section */
		2B0AC9012CB491D60047022D /* Debug */ = {
			isa = XCBuildConfiguration;
			buildSettings = {
				ALWAYS_SEARCH_USER_PATHS = NO;
				ASSETCATALOG_COMPILER_GENERATE_SWIFT_ASSET_SYMBOL_EXTENSIONS = YES;
				CLANG_ANALYZER_NONNULL = YES;
				CLANG_ANALYZER_NUMBER_OBJECT_CONVERSION = YES_AGGRESSIVE;
				CLANG_CXX_LANGUAGE_STANDARD = "gnu++20";
				CLANG_ENABLE_MODULES = YES;
				CLANG_ENABLE_OBJC_ARC = YES;
				CLANG_ENABLE_OBJC_WEAK = YES;
				CLANG_WARN_BLOCK_CAPTURE_AUTORELEASING = YES;
				CLANG_WARN_BOOL_CONVERSION = YES;
				CLANG_WARN_COMMA = YES;
				CLANG_WARN_CONSTANT_CONVERSION = YES;
				CLANG_WARN_DEPRECATED_OBJC_IMPLEMENTATIONS = YES;
				CLANG_WARN_DIRECT_OBJC_ISA_USAGE = YES_ERROR;
				CLANG_WARN_DOCUMENTATION_COMMENTS = YES;
				CLANG_WARN_EMPTY_BODY = YES;
				CLANG_WARN_ENUM_CONVERSION = YES;
				CLANG_WARN_INFINITE_RECURSION = YES;
				CLANG_WARN_INT_CONVERSION = YES;
				CLANG_WARN_NON_LITERAL_NULL_CONVERSION = YES;
				CLANG_WARN_OBJC_IMPLICIT_RETAIN_SELF = YES;
				CLANG_WARN_OBJC_LITERAL_CONVERSION = YES;
				CLANG_WARN_OBJC_ROOT_CLASS = YES_ERROR;
				CLANG_WARN_QUOTED_INCLUDE_IN_FRAMEWORK_HEADER = YES;
				CLANG_WARN_RANGE_LOOP_ANALYSIS = YES;
				CLANG_WARN_STRICT_PROTOTYPES = YES;
				CLANG_WARN_SUSPICIOUS_MOVE = YES;
				CLANG_WARN_UNGUARDED_AVAILABILITY = YES_AGGRESSIVE;
				CLANG_WARN_UNREACHABLE_CODE = YES;
				CLANG_WARN__DUPLICATE_METHOD_MATCH = YES;
				COPY_PHASE_STRIP = NO;
				DEBUG_INFORMATION_FORMAT = dwarf;
				ENABLE_STRICT_OBJC_MSGSEND = YES;
				ENABLE_TESTABILITY = YES;
				ENABLE_USER_SCRIPT_SANDBOXING = YES;
				GCC_C_LANGUAGE_STANDARD = gnu17;
				GCC_DYNAMIC_NO_PIC = NO;
				GCC_NO_COMMON_BLOCKS = YES;
				GCC_OPTIMIZATION_LEVEL = 0;
				GCC_PREPROCESSOR_DEFINITIONS = (
					"DEBUG=1",
					"$(inherited)",
				);
				GCC_WARN_64_TO_32_BIT_CONVERSION = YES;
				GCC_WARN_ABOUT_RETURN_TYPE = YES_ERROR;
				GCC_WARN_UNDECLARED_SELECTOR = YES;
				GCC_WARN_UNINITIALIZED_AUTOS = YES_AGGRESSIVE;
				GCC_WARN_UNUSED_FUNCTION = YES;
				GCC_WARN_UNUSED_VARIABLE = YES;
				IPHONEOS_DEPLOYMENT_TARGET = 17.0;
				LOCALIZATION_PREFERS_STRING_CATALOGS = YES;
				MTL_ENABLE_DEBUG_INFO = INCLUDE_SOURCE;
				MTL_FAST_MATH = YES;
				ONLY_ACTIVE_ARCH = YES;
				SDKROOT = iphoneos;
				SWIFT_ACTIVE_COMPILATION_CONDITIONS = "DEBUG $(inherited)";
				SWIFT_OPTIMIZATION_LEVEL = "-Onone";
			};
			name = Debug;
		};
		2B0AC9022CB491D60047022D /* Release */ = {
			isa = XCBuildConfiguration;
			buildSettings = {
				ALWAYS_SEARCH_USER_PATHS = NO;
				ASSETCATALOG_COMPILER_GENERATE_SWIFT_ASSET_SYMBOL_EXTENSIONS = YES;
				CLANG_ANALYZER_NONNULL = YES;
				CLANG_ANALYZER_NUMBER_OBJECT_CONVERSION = YES_AGGRESSIVE;
				CLANG_CXX_LANGUAGE_STANDARD = "gnu++20";
				CLANG_ENABLE_MODULES = YES;
				CLANG_ENABLE_OBJC_ARC = YES;
				CLANG_ENABLE_OBJC_WEAK = YES;
				CLANG_WARN_BLOCK_CAPTURE_AUTORELEASING = YES;
				CLANG_WARN_BOOL_CONVERSION = YES;
				CLANG_WARN_COMMA = YES;
				CLANG_WARN_CONSTANT_CONVERSION = YES;
				CLANG_WARN_DEPRECATED_OBJC_IMPLEMENTATIONS = YES;
				CLANG_WARN_DIRECT_OBJC_ISA_USAGE = YES_ERROR;
				CLANG_WARN_DOCUMENTATION_COMMENTS = YES;
				CLANG_WARN_EMPTY_BODY = YES;
				CLANG_WARN_ENUM_CONVERSION = YES;
				CLANG_WARN_INFINITE_RECURSION = YES;
				CLANG_WARN_INT_CONVERSION = YES;
				CLANG_WARN_NON_LITERAL_NULL_CONVERSION = YES;
				CLANG_WARN_OBJC_IMPLICIT_RETAIN_SELF = YES;
				CLANG_WARN_OBJC_LITERAL_CONVERSION = YES;
				CLANG_WARN_OBJC_ROOT_CLASS = YES_ERROR;
				CLANG_WARN_QUOTED_INCLUDE_IN_FRAMEWORK_HEADER = YES;
				CLANG_WARN_RANGE_LOOP_ANALYSIS = YES;
				CLANG_WARN_STRICT_PROTOTYPES = YES;
				CLANG_WARN_SUSPICIOUS_MOVE = YES;
				CLANG_WARN_UNGUARDED_AVAILABILITY = YES_AGGRESSIVE;
				CLANG_WARN_UNREACHABLE_CODE = YES;
				CLANG_WARN__DUPLICATE_METHOD_MATCH = YES;
				COPY_PHASE_STRIP = NO;
				DEBUG_INFORMATION_FORMAT = "dwarf-with-dsym";
				ENABLE_NS_ASSERTIONS = NO;
				ENABLE_STRICT_OBJC_MSGSEND = YES;
				ENABLE_USER_SCRIPT_SANDBOXING = YES;
				GCC_C_LANGUAGE_STANDARD = gnu17;
				GCC_NO_COMMON_BLOCKS = YES;
				GCC_WARN_64_TO_32_BIT_CONVERSION = YES;
				GCC_WARN_ABOUT_RETURN_TYPE = YES_ERROR;
				GCC_WARN_UNDECLARED_SELECTOR = YES;
				GCC_WARN_UNINITIALIZED_AUTOS = YES_AGGRESSIVE;
				GCC_WARN_UNUSED_FUNCTION = YES;
				GCC_WARN_UNUSED_VARIABLE = YES;
				IPHONEOS_DEPLOYMENT_TARGET = 17.0;
				LOCALIZATION_PREFERS_STRING_CATALOGS = YES;
				MTL_ENABLE_DEBUG_INFO = NO;
				MTL_FAST_MATH = YES;
				SDKROOT = iphoneos;
				SWIFT_COMPILATION_MODE = wholemodule;
				VALIDATE_PRODUCT = YES;
			};
			name = Release;
		};
		2B0AC9042CB491D60047022D /* Debug */ = {
			isa = XCBuildConfiguration;
			buildSettings = {
				ASSETCATALOG_COMPILER_APPICON_NAME = AppIcon;
				ASSETCATALOG_COMPILER_GLOBAL_ACCENT_COLOR_NAME = AccentColor;
				CODE_SIGN_STYLE = Automatic;
				CURRENT_PROJECT_VERSION = 1;
				DEVELOPMENT_ASSET_PATHS = "\"SpartanFit/Preview Content\"";
				DEVELOPMENT_TEAM = UMHUNBYB53;
				ENABLE_PREVIEWS = YES;
				GENERATE_INFOPLIST_FILE = YES;
				INFOPLIST_KEY_UIApplicationSceneManifest_Generation = YES;
				INFOPLIST_KEY_UIApplicationSupportsIndirectInputEvents = YES;
				INFOPLIST_KEY_UILaunchScreen_Generation = YES;
				INFOPLIST_KEY_UISupportedInterfaceOrientations_iPad = "UIInterfaceOrientationPortrait UIInterfaceOrientationPortraitUpsideDown UIInterfaceOrientationLandscapeLeft UIInterfaceOrientationLandscapeRight";
				INFOPLIST_KEY_UISupportedInterfaceOrientations_iPhone = "UIInterfaceOrientationPortrait UIInterfaceOrientationLandscapeLeft UIInterfaceOrientationLandscapeRight";
				LD_RUNPATH_SEARCH_PATHS = (
					"$(inherited)",
					"@executable_path/Frameworks",
				);
				MARKETING_VERSION = 1.0;
				PRODUCT_BUNDLE_IDENTIFIER = com.example.SpartanFit;
				PRODUCT_NAME = "$(TARGET_NAME)";
				SWIFT_EMIT_LOC_STRINGS = YES;
				SWIFT_VERSION = 5.0;
				TARGETED_DEVICE_FAMILY = "1,2";
			};
			name = Debug;
		};
		2B0AC9052CB491D60047022D /* Release */ = {
			isa = XCBuildConfiguration;
			buildSettings = {
				ASSETCATALOG_COMPILER_APPICON_NAME = AppIcon;
				ASSETCATALOG_COMPILER_GLOBAL_ACCENT_COLOR_NAME = AccentColor;
				CODE_SIGN_STYLE = Automatic;
				CURRENT_PROJECT_VERSION = 1;
				DEVELOPMENT_ASSET_PATHS = "\"SpartanFit/Preview Content\"";
				DEVELOPMENT_TEAM = UMHUNBYB53;
				ENABLE_PREVIEWS = YES;
				GENERATE_INFOPLIST_FILE = YES;
				INFOPLIST_KEY_UIApplicationSceneManifest_Generation = YES;
				INFOPLIST_KEY_UIApplicationSupportsIndirectInputEvents = YES;
				INFOPLIST_KEY_UILaunchScreen_Generation = YES;
				INFOPLIST_KEY_UISupportedInterfaceOrientations_iPad = "UIInterfaceOrientationPortrait UIInterfaceOrientationPortraitUpsideDown UIInterfaceOrientationLandscapeLeft UIInterfaceOrientationLandscapeRight";
				INFOPLIST_KEY_UISupportedInterfaceOrientations_iPhone = "UIInterfaceOrientationPortrait UIInterfaceOrientationLandscapeLeft UIInterfaceOrientationLandscapeRight";
				LD_RUNPATH_SEARCH_PATHS = (
					"$(inherited)",
					"@executable_path/Frameworks",
				);
				MARKETING_VERSION = 1.0;
				PRODUCT_BUNDLE_IDENTIFIER = com.example.SpartanFit;
				PRODUCT_NAME = "$(TARGET_NAME)";
				SWIFT_EMIT_LOC_STRINGS = YES;
				SWIFT_VERSION = 5.0;
				TARGETED_DEVICE_FAMILY = "1,2";
			};
			name = Release;
		};
		2B0AC9072CB491D60047022D /* Debug */ = {
			isa = XCBuildConfiguration;
			buildSettings = {
				ALWAYS_EMBED_SWIFT_STANDARD_LIBRARIES = YES;
				BUNDLE_LOADER = "$(TEST_HOST)";
				CODE_SIGN_STYLE = Automatic;
				CURRENT_PROJECT_VERSION = 1;
				DEVELOPMENT_TEAM = UMHUNBYB53;
				GENERATE_INFOPLIST_FILE = YES;
				IPHONEOS_DEPLOYMENT_TARGET = 17.0;
				MARKETING_VERSION = 1.0;
				PRODUCT_BUNDLE_IDENTIFIER = com.example.SpartanFitTests;
				PRODUCT_NAME = "$(TARGET_NAME)";
				SWIFT_EMIT_LOC_STRINGS = NO;
				SWIFT_VERSION = 5.0;
				TARGETED_DEVICE_FAMILY = "1,2";
				TEST_HOST = "$(BUILT_PRODUCTS_DIR)/SpartanFit.app/$(BUNDLE_EXECUTABLE_FOLDER_PATH)/SpartanFit";
			};
			name = Debug;
		};
		2B0AC9082CB491D60047022D /* Release */ = {
			isa = XCBuildConfiguration;
			buildSettings = {
				ALWAYS_EMBED_SWIFT_STANDARD_LIBRARIES = YES;
				BUNDLE_LOADER = "$(TEST_HOST)";
				CODE_SIGN_STYLE = Automatic;
				CURRENT_PROJECT_VERSION = 1;
				DEVELOPMENT_TEAM = UMHUNBYB53;
				GENERATE_INFOPLIST_FILE = YES;
				IPHONEOS_DEPLOYMENT_TARGET = 17.0;
				MARKETING_VERSION = 1.0;
				PRODUCT_BUNDLE_IDENTIFIER = com.example.SpartanFitTests;
				PRODUCT_NAME = "$(TARGET_NAME)";
				SWIFT_EMIT_LOC_STRINGS = NO;
				SWIFT_VERSION = 5.0;
				TARGETED_DEVICE_FAMILY = "1,2";
				TEST_HOST = "$(BUILT_PRODUCTS_DIR)/SpartanFit.app/$(BUNDLE_EXECUTABLE_FOLDER_PATH)/SpartanFit";
			};
			name = Release;
		};
		2B0AC90A2CB491D60047022D /* Debug */ = {
			isa = XCBuildConfiguration;
			buildSettings = {
				ALWAYS_EMBED_SWIFT_STANDARD_LIBRARIES = YES;
				CODE_SIGN_STYLE = Automatic;
				CURRENT_PROJECT_VERSION = 1;
				DEVELOPMENT_TEAM = UMHUNBYB53;
				GENERATE_INFOPLIST_FILE = YES;
				MARKETING_VERSION = 1.0;
				PRODUCT_BUNDLE_IDENTIFIER = com.example.SpartanFitUITests;
				PRODUCT_NAME = "$(TARGET_NAME)";
				SWIFT_EMIT_LOC_STRINGS = NO;
				SWIFT_VERSION = 5.0;
				TARGETED_DEVICE_FAMILY = "1,2";
				TEST_TARGET_NAME = SpartanFit;
			};
			name = Debug;
		};
		2B0AC90B2CB491D60047022D /* Release */ = {
			isa = XCBuildConfiguration;
			buildSettings = {
				ALWAYS_EMBED_SWIFT_STANDARD_LIBRARIES = YES;
				CODE_SIGN_STYLE = Automatic;
				CURRENT_PROJECT_VERSION = 1;
				DEVELOPMENT_TEAM = UMHUNBYB53;
				GENERATE_INFOPLIST_FILE = YES;
				MARKETING_VERSION = 1.0;
				PRODUCT_BUNDLE_IDENTIFIER = com.example.SpartanFitUITests;
				PRODUCT_NAME = "$(TARGET_NAME)";
				SWIFT_EMIT_LOC_STRINGS = NO;
				SWIFT_VERSION = 5.0;
				TARGETED_DEVICE_FAMILY = "1,2";
				TEST_TARGET_NAME = SpartanFit;
			};
			name = Release;
		};
/* End XCBuildConfiguration section */

/* Begin XCConfigurationList section */
		2B0AC8DA2CB491D30047022D /* Build configuration list for PBXProject "SpartanFit" */ = {
			isa = XCConfigurationList;
			buildConfigurations = (
				2B0AC9012CB491D60047022D /* Debug */,
				2B0AC9022CB491D60047022D /* Release */,
			);
			defaultConfigurationIsVisible = 0;
			defaultConfigurationName = Release;
		};
		2B0AC9032CB491D60047022D /* Build configuration list for PBXNativeTarget "SpartanFit" */ = {
			isa = XCConfigurationList;
			buildConfigurations = (
				2B0AC9042CB491D60047022D /* Debug */,
				2B0AC9052CB491D60047022D /* Release */,
			);
			defaultConfigurationIsVisible = 0;
			defaultConfigurationName = Release;
		};
		2B0AC9062CB491D60047022D /* Build configuration list for PBXNativeTarget "SpartanFitTests" */ = {
			isa = XCConfigurationList;
			buildConfigurations = (
				2B0AC9072CB491D60047022D /* Debug */,
				2B0AC9082CB491D60047022D /* Release */,
			);
			defaultConfigurationIsVisible = 0;
			defaultConfigurationName = Release;
		};
		2B0AC9092CB491D60047022D /* Build configuration list for PBXNativeTarget "SpartanFitUITests" */ = {
			isa = XCConfigurationList;
			buildConfigurations = (
				2B0AC90A2CB491D60047022D /* Debug */,
				2B0AC90B2CB491D60047022D /* Release */,
			);
			defaultConfigurationIsVisible = 0;
			defaultConfigurationName = Release;
		};
/* End XCConfigurationList section */
	};
	rootObject = 2B0AC8D72CB491D30047022D /* Project object */;
}
